schema: '2.0'
stages:
  preprocess:
    cmd: python src/features.py --infile data/raw/Telco-Customer-Churn.csv 
      --outfile data/processed/telco_clean.csv
    deps:
    - path: data/raw/Telco-Customer-Churn.csv
      hash: md5
      md5: 0f9de68e012bd3aed5fa7cdc9fc421af
      size: 977501
    - path: src/features.py
      hash: md5
<<<<<<< HEAD
      md5: 27252591f74d1e23078904309ccd4dca
      size: 1612
=======
      md5: 58efd836e420e1072910d5b640afb8dd
      size: 1594
>>>>>>> develop
    outs:
    - path: data/processed/telco_clean.csv
      hash: md5
      md5: 7bdd3295735b6d122f9513c288f460fa
      size: 890933
  train:
    cmd: python src/train.py --data data/processed/telco_clean.csv --out 
      artifacts
    deps:
    - path: data/processed/telco_clean.csv
      hash: md5
      md5: 7bdd3295735b6d122f9513c288f460fa
      size: 890933
    - path: src/train.py
      hash: md5
<<<<<<< HEAD
      md5: ad351a3276d3ec1ca689f15579503288
      size: 4121
=======
      md5: ff2cc66d67b4151f68c8c207438fa9c4
      size: 4105
>>>>>>> develop
    outs:
    - path: artifacts/metrics.json
      hash: md5
      md5: b169157aeeddd5c52427cee4182e25db
      size: 167
    - path: artifacts/model.pkl
      hash: md5
      md5: 887beef62aabd9734d716f592c43d004
      size: 8432219
